{
  "pins" : [
    {
      "identity" : "militarysymbologyassets",
      "kind" : "remoteSourceControl",
      "location" : "https://github.com/EugeneKuropatenko/MilitarySymbologyAssets",
      "state" : {
        "branch" : "main",
        "revision" : "4b00328fa58cb8da7b5e2e84e1b84d06dfc984e6"
      }
    }
  ],
  "version" : 2
}
